
Microsoft Visual Studio Solution File, Format Version 12.00
# Visual Studio 14
VisualStudioVersion = 14.0.23107.0
MinimumVisualStudioVersion = 10.0.40219.1
Project("{FAE04EC0-301F-11D3-BF4B-00C04F79EFBC}") = "Elders.Pandora.Box", "Elders.Pandora.Box\Elders.Pandora.Box.csproj", "{69854EA2-20DC-4A51-90F4-4710F88C930F}"
EndProject
Project("{FAE04EC0-301F-11D3-BF4B-00C04F79EFBC}") = "Elders.Pandora", "Elders.Pandora\Elders.Pandora.csproj", "{9FA368C6-5AFD-4707-B6C2-50D1DC9A07AA}"
EndProject
Project("{FAE04EC0-301F-11D3-BF4B-00C04F79EFBC}") = "SecurityTest", "SecurityTest\SecurityTest.csproj", "{83711A89-8AC4-4474-A036-F344E09A79D1}"
EndProject
Project("{FAE04EC0-301F-11D3-BF4B-00C04F79EFBC}") = "Elders.Pandora.UI", "Elders.Pandora.UI\Elders.Pandora.UI.csproj", "{200B84F4-DA59-4EE3-9FDC-3FC2B72A0092}"
EndProject
Project("{FAE04EC0-301F-11D3-BF4B-00C04F79EFBC}") = "Elders.Pandora.Client", "Elders.Pandora.Client\Elders.Pandora.Client.csproj", "{3074B4A3-B6B1-44BB-A456-E8212BEBCD4C}"
EndProject
Project("{FAE04EC0-301F-11D3-BF4B-00C04F79EFBC}") = "Thinktecture.IdentityModel.Oidc", "Thinktecture.IdentityModel.Oidc\Thinktecture.IdentityModel.Oidc.csproj", "{9669AED6-CC75-4DA4-A639-13E084905CA7}"
EndProject
Project("{2150E333-8FDC-42A3-9474-1A3956D46DE8}") = ".build", ".build", "{9B98927F-2F3A-4F37-B97C-FE67EA98473D}"
	ProjectSection(SolutionItems) = preProject
		..\build.cmd = ..\build.cmd
		..\build.fsx = ..\build.fsx
	EndProjectSection
EndProject
Project("{FAE04EC0-301F-11D3-BF4B-00C04F79EFBC}") = "Elders.Pandora.Cli", "Elders.Pandora.Cli\Elders.Pandora.Cli.csproj", "{D152BF03-7A41-443B-AC0E-DF2CB0AEE6AB}"
EndProject
Project("{8BB2217D-0F2D-49D1-97BC-3654ED321F3B}") = "Elders.Pandora.Api", "Elders.Pandora.Api\Elders.Pandora.Api.xproj", "{6B64603E-B588-45EE-BC4F-AA544994F9DA}"
EndProject
Global
	GlobalSection(SolutionConfigurationPlatforms) = preSolution
		Azure|Any CPU = Azure|Any CPU
		Debug|Any CPU = Debug|Any CPU
		Int|Any CPU = Int|Any CPU
		Release|Any CPU = Release|Any CPU
		Stage|Any CPU = Stage|Any CPU
		Test|Any CPU = Test|Any CPU
	EndGlobalSection
	GlobalSection(ProjectConfigurationPlatforms) = postSolution
		{69854EA2-20DC-4A51-90F4-4710F88C930F}.Azure|Any CPU.ActiveCfg = Release|Any CPU
		{69854EA2-20DC-4A51-90F4-4710F88C930F}.Azure|Any CPU.Build.0 = Release|Any CPU
		{69854EA2-20DC-4A51-90F4-4710F88C930F}.Debug|Any CPU.ActiveCfg = Debug|Any CPU
		{69854EA2-20DC-4A51-90F4-4710F88C930F}.Debug|Any CPU.Build.0 = Debug|Any CPU
		{69854EA2-20DC-4A51-90F4-4710F88C930F}.Int|Any CPU.ActiveCfg = Release|Any CPU
		{69854EA2-20DC-4A51-90F4-4710F88C930F}.Int|Any CPU.Build.0 = Release|Any CPU
		{69854EA2-20DC-4A51-90F4-4710F88C930F}.Release|Any CPU.ActiveCfg = Release|Any CPU
		{69854EA2-20DC-4A51-90F4-4710F88C930F}.Release|Any CPU.Build.0 = Release|Any CPU
		{69854EA2-20DC-4A51-90F4-4710F88C930F}.Stage|Any CPU.ActiveCfg = Release|Any CPU
		{69854EA2-20DC-4A51-90F4-4710F88C930F}.Stage|Any CPU.Build.0 = Release|Any CPU
		{69854EA2-20DC-4A51-90F4-4710F88C930F}.Test|Any CPU.ActiveCfg = Release|Any CPU
		{69854EA2-20DC-4A51-90F4-4710F88C930F}.Test|Any CPU.Build.0 = Release|Any CPU
		{9FA368C6-5AFD-4707-B6C2-50D1DC9A07AA}.Azure|Any CPU.ActiveCfg = Release|Any CPU
		{9FA368C6-5AFD-4707-B6C2-50D1DC9A07AA}.Azure|Any CPU.Build.0 = Release|Any CPU
		{9FA368C6-5AFD-4707-B6C2-50D1DC9A07AA}.Debug|Any CPU.ActiveCfg = Debug|Any CPU
		{9FA368C6-5AFD-4707-B6C2-50D1DC9A07AA}.Debug|Any CPU.Build.0 = Debug|Any CPU
		{9FA368C6-5AFD-4707-B6C2-50D1DC9A07AA}.Int|Any CPU.ActiveCfg = Release|Any CPU
		{9FA368C6-5AFD-4707-B6C2-50D1DC9A07AA}.Int|Any CPU.Build.0 = Release|Any CPU
		{9FA368C6-5AFD-4707-B6C2-50D1DC9A07AA}.Release|Any CPU.ActiveCfg = Release|Any CPU
		{9FA368C6-5AFD-4707-B6C2-50D1DC9A07AA}.Release|Any CPU.Build.0 = Release|Any CPU
		{9FA368C6-5AFD-4707-B6C2-50D1DC9A07AA}.Stage|Any CPU.ActiveCfg = Release|Any CPU
		{9FA368C6-5AFD-4707-B6C2-50D1DC9A07AA}.Stage|Any CPU.Build.0 = Release|Any CPU
		{9FA368C6-5AFD-4707-B6C2-50D1DC9A07AA}.Test|Any CPU.ActiveCfg = Release|Any CPU
		{9FA368C6-5AFD-4707-B6C2-50D1DC9A07AA}.Test|Any CPU.Build.0 = Release|Any CPU
		{83711A89-8AC4-4474-A036-F344E09A79D1}.Azure|Any CPU.ActiveCfg = Release|Any CPU
		{83711A89-8AC4-4474-A036-F344E09A79D1}.Debug|Any CPU.ActiveCfg = Debug|Any CPU
		{83711A89-8AC4-4474-A036-F344E09A79D1}.Debug|Any CPU.Build.0 = Debug|Any CPU
		{83711A89-8AC4-4474-A036-F344E09A79D1}.Int|Any CPU.ActiveCfg = Release|Any CPU
		{83711A89-8AC4-4474-A036-F344E09A79D1}.Release|Any CPU.ActiveCfg = Release|Any CPU
		{83711A89-8AC4-4474-A036-F344E09A79D1}.Release|Any CPU.Build.0 = Release|Any CPU
		{83711A89-8AC4-4474-A036-F344E09A79D1}.Stage|Any CPU.ActiveCfg = Release|Any CPU
		{83711A89-8AC4-4474-A036-F344E09A79D1}.Test|Any CPU.ActiveCfg = Release|Any CPU
		{200B84F4-DA59-4EE3-9FDC-3FC2B72A0092}.Azure|Any CPU.ActiveCfg = Release|Any CPU
		{200B84F4-DA59-4EE3-9FDC-3FC2B72A0092}.Azure|Any CPU.Build.0 = Release|Any CPU
		{200B84F4-DA59-4EE3-9FDC-3FC2B72A0092}.Debug|Any CPU.ActiveCfg = Debug|Any CPU
		{200B84F4-DA59-4EE3-9FDC-3FC2B72A0092}.Debug|Any CPU.Build.0 = Debug|Any CPU
		{200B84F4-DA59-4EE3-9FDC-3FC2B72A0092}.Int|Any CPU.ActiveCfg = Release|Any CPU
		{200B84F4-DA59-4EE3-9FDC-3FC2B72A0092}.Int|Any CPU.Build.0 = Release|Any CPU
		{200B84F4-DA59-4EE3-9FDC-3FC2B72A0092}.Release|Any CPU.ActiveCfg = Release|Any CPU
		{200B84F4-DA59-4EE3-9FDC-3FC2B72A0092}.Release|Any CPU.Build.0 = Release|Any CPU
		{200B84F4-DA59-4EE3-9FDC-3FC2B72A0092}.Stage|Any CPU.ActiveCfg = Release|Any CPU
		{200B84F4-DA59-4EE3-9FDC-3FC2B72A0092}.Stage|Any CPU.Build.0 = Release|Any CPU
		{200B84F4-DA59-4EE3-9FDC-3FC2B72A0092}.Test|Any CPU.ActiveCfg = Release|Any CPU
		{200B84F4-DA59-4EE3-9FDC-3FC2B72A0092}.Test|Any CPU.Build.0 = Release|Any CPU
		{3074B4A3-B6B1-44BB-A456-E8212BEBCD4C}.Azure|Any CPU.ActiveCfg = Release|Any CPU
		{3074B4A3-B6B1-44BB-A456-E8212BEBCD4C}.Azure|Any CPU.Build.0 = Release|Any CPU
		{3074B4A3-B6B1-44BB-A456-E8212BEBCD4C}.Debug|Any CPU.ActiveCfg = Debug|Any CPU
		{3074B4A3-B6B1-44BB-A456-E8212BEBCD4C}.Debug|Any CPU.Build.0 = Debug|Any CPU
		{3074B4A3-B6B1-44BB-A456-E8212BEBCD4C}.Int|Any CPU.ActiveCfg = Release|Any CPU
		{3074B4A3-B6B1-44BB-A456-E8212BEBCD4C}.Int|Any CPU.Build.0 = Release|Any CPU
		{3074B4A3-B6B1-44BB-A456-E8212BEBCD4C}.Release|Any CPU.ActiveCfg = Release|Any CPU
		{3074B4A3-B6B1-44BB-A456-E8212BEBCD4C}.Release|Any CPU.Build.0 = Release|Any CPU
		{3074B4A3-B6B1-44BB-A456-E8212BEBCD4C}.Stage|Any CPU.ActiveCfg = Release|Any CPU
		{3074B4A3-B6B1-44BB-A456-E8212BEBCD4C}.Stage|Any CPU.Build.0 = Release|Any CPU
		{3074B4A3-B6B1-44BB-A456-E8212BEBCD4C}.Test|Any CPU.ActiveCfg = Release|Any CPU
		{3074B4A3-B6B1-44BB-A456-E8212BEBCD4C}.Test|Any CPU.Build.0 = Release|Any CPU
		{9669AED6-CC75-4DA4-A639-13E084905CA7}.Azure|Any CPU.ActiveCfg = Azure|Any CPU
		{9669AED6-CC75-4DA4-A639-13E084905CA7}.Azure|Any CPU.Build.0 = Azure|Any CPU
		{9669AED6-CC75-4DA4-A639-13E084905CA7}.Debug|Any CPU.ActiveCfg = Debug|Any CPU
		{9669AED6-CC75-4DA4-A639-13E084905CA7}.Debug|Any CPU.Build.0 = Debug|Any CPU
		{9669AED6-CC75-4DA4-A639-13E084905CA7}.Int|Any CPU.ActiveCfg = Int|Any CPU
		{9669AED6-CC75-4DA4-A639-13E084905CA7}.Int|Any CPU.Build.0 = Int|Any CPU
		{9669AED6-CC75-4DA4-A639-13E084905CA7}.Release|Any CPU.ActiveCfg = Release|Any CPU
		{9669AED6-CC75-4DA4-A639-13E084905CA7}.Release|Any CPU.Build.0 = Release|Any CPU
		{9669AED6-CC75-4DA4-A639-13E084905CA7}.Stage|Any CPU.ActiveCfg = Stage|Any CPU
		{9669AED6-CC75-4DA4-A639-13E084905CA7}.Stage|Any CPU.Build.0 = Stage|Any CPU
		{9669AED6-CC75-4DA4-A639-13E084905CA7}.Test|Any CPU.ActiveCfg = Test|Any CPU
		{9669AED6-CC75-4DA4-A639-13E084905CA7}.Test|Any CPU.Build.0 = Test|Any CPU
		{D152BF03-7A41-443B-AC0E-DF2CB0AEE6AB}.Azure|Any CPU.ActiveCfg = Release|Any CPU
		{D152BF03-7A41-443B-AC0E-DF2CB0AEE6AB}.Azure|Any CPU.Build.0 = Release|Any CPU
		{D152BF03-7A41-443B-AC0E-DF2CB0AEE6AB}.Debug|Any CPU.ActiveCfg = Debug|Any CPU
		{D152BF03-7A41-443B-AC0E-DF2CB0AEE6AB}.Debug|Any CPU.Build.0 = Debug|Any CPU
		{D152BF03-7A41-443B-AC0E-DF2CB0AEE6AB}.Int|Any CPU.ActiveCfg = Release|Any CPU
		{D152BF03-7A41-443B-AC0E-DF2CB0AEE6AB}.Int|Any CPU.Build.0 = Release|Any CPU
		{D152BF03-7A41-443B-AC0E-DF2CB0AEE6AB}.Release|Any CPU.ActiveCfg = Release|Any CPU
		{D152BF03-7A41-443B-AC0E-DF2CB0AEE6AB}.Release|Any CPU.Build.0 = Release|Any CPU
		{D152BF03-7A41-443B-AC0E-DF2CB0AEE6AB}.Stage|Any CPU.ActiveCfg = Release|Any CPU
		{D152BF03-7A41-443B-AC0E-DF2CB0AEE6AB}.Stage|Any CPU.Build.0 = Release|Any CPU
		{D152BF03-7A41-443B-AC0E-DF2CB0AEE6AB}.Test|Any CPU.ActiveCfg = Release|Any CPU
		{D152BF03-7A41-443B-AC0E-DF2CB0AEE6AB}.Test|Any CPU.Build.0 = Release|Any CPU
		{6B64603E-B588-45EE-BC4F-AA544994F9DA}.Azure|Any CPU.ActiveCfg = Debug|Any CPU
		{6B64603E-B588-45EE-BC4F-AA544994F9DA}.Azure|Any CPU.Build.0 = Debug|Any CPU
		{6B64603E-B588-45EE-BC4F-AA544994F9DA}.Debug|Any CPU.ActiveCfg = Debug|Any CPU
		{6B64603E-B588-45EE-BC4F-AA544994F9DA}.Debug|Any CPU.Build.0 = Debug|Any CPU
		{6B64603E-B588-45EE-BC4F-AA544994F9DA}.Int|Any CPU.ActiveCfg = Debug|Any CPU
		{6B64603E-B588-45EE-BC4F-AA544994F9DA}.Int|Any CPU.Build.0 = Debug|Any CPU
		{6B64603E-B588-45EE-BC4F-AA544994F9DA}.Release|Any CPU.ActiveCfg = Release|Any CPU
		{6B64603E-B588-45EE-BC4F-AA544994F9DA}.Release|Any CPU.Build.0 = Release|Any CPU
		{6B64603E-B588-45EE-BC4F-AA544994F9DA}.Stage|Any CPU.ActiveCfg = Debug|Any CPU
		{6B64603E-B588-45EE-BC4F-AA544994F9DA}.Stage|Any CPU.Build.0 = Debug|Any CPU
		{6B64603E-B588-45EE-BC4F-AA544994F9DA}.Test|Any CPU.ActiveCfg = Debug|Any CPU
		{6B64603E-B588-45EE-BC4F-AA544994F9DA}.Test|Any CPU.Build.0 = Debug|Any CPU
	EndGlobalSection
	GlobalSection(SolutionProperties) = preSolution
		HideSolutionNode = FALSE
	EndGlobalSection
EndGlobal
