
Microsoft Visual Studio Solution File, Format Version 12.00
# Visual Studio 14
VisualStudioVersion = 14.0.24720.0
MinimumVisualStudioVersion = 10.0.40219.1
Project("{8BB2217D-0F2D-49D1-97BC-3654ED321F3B}") = "Pandora", "Pandora\Pandora.xproj", "{7B5E7ABB-A1FC-4AC1-BFBC-CB61F6573CA3}"
EndProject
Project("{2150E333-8FDC-42A3-9474-1A3956D46DE8}") = "Solution Items", "Solution Items", "{CDC0F595-1EBD-4258-842E-BB5446B710BE}"
	ProjectSection(SolutionItems) = preProject
		Pandora\global.json = Pandora\global.json
		Pandora.Box\global.json = Pandora.Box\global.json
	EndProjectSection
EndProject
Project("{8BB2217D-0F2D-49D1-97BC-3654ED321F3B}") = "Pandora.Box", "Pandora.Box\Pandora.Box.xproj", "{EC0894B9-145C-4FB6-AAB2-80078C4D0F34}"
EndProject
Project("{2150E333-8FDC-42A3-9474-1A3956D46DE8}") = "build", "build", "{02260890-F12E-433F-9DD7-0D18564CFC1A}"
	ProjectSection(SolutionItems) = preProject
		..\build.cmd = ..\build.cmd
		..\release-local.cmd = ..\release-local.cmd
		RELEASE_NOTES.md = RELEASE_NOTES.md
	EndProjectSection
EndProject
Project("{8BB2217D-0F2D-49D1-97BC-3654ED321F3B}") = "Pandora.Sample", "Pandora.Sample\Pandora.Sample.xproj", "{281B65DC-067E-4163-B71B-093B79DFB5B7}"
EndProject
Global
	GlobalSection(SolutionConfigurationPlatforms) = preSolution
		Debug|Any CPU = Debug|Any CPU
		Release|Any CPU = Release|Any CPU
	EndGlobalSection
	GlobalSection(ProjectConfigurationPlatforms) = postSolution
		{7B5E7ABB-A1FC-4AC1-BFBC-CB61F6573CA3}.Debug|Any CPU.ActiveCfg = Debug|Any CPU
		{7B5E7ABB-A1FC-4AC1-BFBC-CB61F6573CA3}.Debug|Any CPU.Build.0 = Debug|Any CPU
		{7B5E7ABB-A1FC-4AC1-BFBC-CB61F6573CA3}.Release|Any CPU.ActiveCfg = Release|Any CPU
		{7B5E7ABB-A1FC-4AC1-BFBC-CB61F6573CA3}.Release|Any CPU.Build.0 = Release|Any CPU
		{EC0894B9-145C-4FB6-AAB2-80078C4D0F34}.Debug|Any CPU.ActiveCfg = Debug|Any CPU
		{EC0894B9-145C-4FB6-AAB2-80078C4D0F34}.Debug|Any CPU.Build.0 = Debug|Any CPU
		{EC0894B9-145C-4FB6-AAB2-80078C4D0F34}.Release|Any CPU.ActiveCfg = Release|Any CPU
		{EC0894B9-145C-4FB6-AAB2-80078C4D0F34}.Release|Any CPU.Build.0 = Release|Any CPU
		{281B65DC-067E-4163-B71B-093B79DFB5B7}.Debug|Any CPU.ActiveCfg = Debug|Any CPU
		{281B65DC-067E-4163-B71B-093B79DFB5B7}.Debug|Any CPU.Build.0 = Debug|Any CPU
		{281B65DC-067E-4163-B71B-093B79DFB5B7}.Release|Any CPU.ActiveCfg = Release|Any CPU
		{281B65DC-067E-4163-B71B-093B79DFB5B7}.Release|Any CPU.Build.0 = Release|Any CPU
	EndGlobalSection
	GlobalSection(SolutionProperties) = preSolution
		HideSolutionNode = FALSE
	EndGlobalSection
EndGlobal
